{
  "name": "toas-bot",
  "version": "1.0.0",
  "lockfileVersion": 1,
  "requires": true,
  "dependencies": {
    "@types/caseless": {
      "version": "0.12.2",
      "resolved": "https://pkgs.dev.azure.com/tietodata/_packaging/tietodata-npm/npm/registry/@types/caseless/-/caseless-0.12.2.tgz",
      "integrity": "sha1-9l09Y4ngHutFi9VNyPUrlalGO8g="
    },
    "@types/color-name": {
      "version": "1.1.1",
      "resolved": "https://pkgs.dev.azure.com/tietodata/_packaging/tietodata-npm/npm/registry/@types/color-name/-/color-name-1.1.1.tgz",
      "integrity": "sha1-HBJhu+qhCoBVu8XYq4S3sq/IRqA="
    },
    "@types/dotenv": {
      "version": "8.2.0",
      "resolved": "https://pkgs.dev.azure.com/tietodata/_packaging/tietodata-npm/npm/registry/@types/dotenv/-/dotenv-8.2.0.tgz",
      "integrity": "sha1-XNZHEMPJjoLZ0VhEN1ozvxtF0FM=",
      "requires": {
        "dotenv": "*"
      }
    },
    "@types/node": {
      "version": "14.0.14",
      "resolved": "https://pkgs.dev.azure.com/tietodata/_packaging/tietodata-npm/npm/registry/@types/node/-/node-14.0.14.tgz",
      "integrity": "sha1-JKC1lZ8WrBQa6wxbPNehW3xky84="
    },
    "@types/node-cron": {
      "version": "2.0.3",
      "resolved": "https://pkgs.dev.azure.com/tietodata/_packaging/tietodata-npm/npm/registry/@types/node-cron/-/node-cron-2.0.3.tgz",
      "integrity": "sha1-tbuUBSPSZfajZUiFbsDCeOpaNdY=",
      "requires": {
        "@types/tz-offset": "*"
      }
    },
    "@types/node-telegram-bot-api": {
      "version": "0.40.3",
      "resolved": "https://pkgs.dev.azure.com/tietodata/_packaging/tietodata-npm/npm/registry/@types/node-telegram-bot-api/-/node-telegram-bot-api-0.40.3.tgz",
      "integrity": "sha1-b8H72HKERUJqhkamnLYgIGdekJI=",
      "requires": {
        "@types/node": "*",
        "@types/request": "*"
      }
    },
    "@types/request": {
      "version": "2.48.5",
      "resolved": "https://pkgs.dev.azure.com/tietodata/_packaging/tietodata-npm/npm/registry/@types/request/-/request-2.48.5.tgz",
      "integrity": "sha1-AZuFNrQCBp9tEb7hssA+fyMpN6A=",
      "requires": {
        "@types/caseless": "*",
        "@types/node": "*",
        "@types/tough-cookie": "*",
        "form-data": "^2.5.0"
      }
    },
    "@types/tough-cookie": {
      "version": "4.0.0",
      "resolved": "https://pkgs.dev.azure.com/tietodata/_packaging/tietodata-npm/npm/registry/@types/tough-cookie/-/tough-cookie-4.0.0.tgz",
      "integrity": "sha1-/vGQTkZotuXs7mDFLMageP+maX0="
    },
    "@types/tz-offset": {
      "version": "0.0.0",
      "resolved": "https://pkgs.dev.azure.com/tietodata/_packaging/tietodata-npm/npm/registry/@types/tz-offset/-/tz-offset-0.0.0.tgz",
      "integrity": "sha1-1Y8c69eUFI0kVCD48GYDBdMg5WU="
    },
    "agent-base": {
      "version": "4.3.0",
      "resolved": "https://pkgs.dev.azure.com/tietodata/_packaging/tietodata-npm/npm/registry/agent-base/-/agent-base-4.3.0.tgz",
      "integrity": "sha1-gWXwHENgCbzK0LHRIvBe13Dvxu4=",
      "requires": {
        "es6-promisify": "^5.0.0"
      }
    },
    "ajv": {
      "version": "6.12.2",
      "resolved": "https://pkgs.dev.azure.com/tietodata/_packaging/tietodata-npm/npm/registry/ajv/-/ajv-6.12.2.tgz",
      "integrity": "sha1-xinF7O0XuvMUQ3kY0tqIyZ1ZWM0=",
      "requires": {
        "fast-deep-equal": "^3.1.1",
        "fast-json-stable-stringify": "^2.0.0",
        "json-schema-traverse": "^0.4.1",
        "uri-js": "^4.2.2"
      }
    },
    "ansi-styles": {
      "version": "4.2.1",
      "resolved": "https://pkgs.dev.azure.com/tietodata/_packaging/tietodata-npm/npm/registry/ansi-styles/-/ansi-styles-4.2.1.tgz",
      "integrity": "sha1-kK51xCTQCNJiTFvynq0xd+v881k=",
      "requires": {
        "@types/color-name": "^1.1.1",
        "color-convert": "^2.0.1"
      }
    },
    "arg": {
      "version": "4.1.3",
      "resolved": "https://pkgs.dev.azure.com/tietodata/_packaging/tietodata-npm/npm/registry/arg/-/arg-4.1.3.tgz",
      "integrity": "sha1-Jp/HrVuOQstjyJbVZmAXJhwUQIk="
    },
    "array.prototype.findindex": {
      "version": "2.1.0",
      "resolved": "https://pkgs.dev.azure.com/tietodata/_packaging/tietodata-npm/npm/registry/array.prototype.findindex/-/array.prototype.findindex-2.1.0.tgz",
      "integrity": "sha1-9D+O2CMnTwczZH7kA7LAyXcal/4=",
      "requires": {
        "define-properties": "^1.1.3",
        "es-abstract": "^1.17.4"
      }
    },
    "asn1": {
      "version": "0.2.4",
      "resolved": "https://pkgs.dev.azure.com/tietodata/_packaging/tietodata-npm/npm/registry/asn1/-/asn1-0.2.4.tgz",
      "integrity": "sha1-jSR136tVO7M+d7VOWeiAu4ziMTY=",
      "requires": {
        "safer-buffer": "~2.1.0"
      }
    },
    "assert-plus": {
      "version": "1.0.0",
      "resolved": "https://pkgs.dev.azure.com/tietodata/_packaging/tietodata-npm/npm/registry/assert-plus/-/assert-plus-1.0.0.tgz",
      "integrity": "sha1-8S4PPF13sLHN2RRpQuTpbB5N1SU="
    },
    "async-limiter": {
      "version": "1.0.1",
      "resolved": "https://pkgs.dev.azure.com/tietodata/_packaging/tietodata-npm/npm/registry/async-limiter/-/async-limiter-1.0.1.tgz",
      "integrity": "sha1-3TeelPDbgxCwgpH51kwyCXZmF/0="
    },
    "asynckit": {
      "version": "0.4.0",
      "resolved": "https://pkgs.dev.azure.com/tietodata/_packaging/tietodata-npm/npm/registry/asynckit/-/asynckit-0.4.0.tgz",
      "integrity": "sha1-x57Zf380y48robyXkLzDZkdLS3k="
    },
    "aws-sign2": {
      "version": "0.7.0",
      "resolved": "https://pkgs.dev.azure.com/tietodata/_packaging/tietodata-npm/npm/registry/aws-sign2/-/aws-sign2-0.7.0.tgz",
      "integrity": "sha1-tG6JCTSpWR8tL2+G1+ap8bP+dqg="
    },
    "aws4": {
      "version": "1.10.0",
      "resolved": "https://pkgs.dev.azure.com/tietodata/_packaging/tietodata-npm/npm/registry/aws4/-/aws4-1.10.0.tgz",
      "integrity": "sha1-oXs6jqgRBg501H0wYSJACtRJeuI="
    },
    "balanced-match": {
      "version": "1.0.0",
      "resolved": "https://pkgs.dev.azure.com/tietodata/_packaging/tietodata-npm/npm/registry/balanced-match/-/balanced-match-1.0.0.tgz",
      "integrity": "sha1-ibTRmasr7kneFk6gK4nORi1xt2c="
    },
    "bcrypt-pbkdf": {
      "version": "1.0.2",
      "resolved": "https://pkgs.dev.azure.com/tietodata/_packaging/tietodata-npm/npm/registry/bcrypt-pbkdf/-/bcrypt-pbkdf-1.0.2.tgz",
      "integrity": "sha1-pDAdOJtqQ/m2f/PKEaP2Y342Dp4=",
      "requires": {
        "tweetnacl": "^0.14.3"
      }
    },
    "bl": {
      "version": "1.2.2",
      "resolved": "https://pkgs.dev.azure.com/tietodata/_packaging/tietodata-npm/npm/registry/bl/-/bl-1.2.2.tgz",
      "integrity": "sha1-oWCRFxcQPAdBDO9j71Gzl8Alr5w=",
      "requires": {
        "readable-stream": "^2.3.5",
        "safe-buffer": "^5.1.1"
      }
    },
    "bluebird": {
      "version": "3.7.2",
      "resolved": "https://pkgs.dev.azure.com/tietodata/_packaging/tietodata-npm/npm/registry/bluebird/-/bluebird-3.7.2.tgz",
      "integrity": "sha1-nyKcFb4nJFT/qXOs4NvueaGww28="
    },
    "brace-expansion": {
      "version": "1.1.11",
      "resolved": "https://pkgs.dev.azure.com/tietodata/_packaging/tietodata-npm/npm/registry/brace-expansion/-/brace-expansion-1.1.11.tgz",
      "integrity": "sha1-PH/L9SnYcibz0vUrlm/1Jx60Qd0=",
      "requires": {
        "balanced-match": "^1.0.0",
        "concat-map": "0.0.1"
      }
    },
    "buffer-crc32": {
      "version": "0.2.13",
      "resolved": "https://pkgs.dev.azure.com/tietodata/_packaging/tietodata-npm/npm/registry/buffer-crc32/-/buffer-crc32-0.2.13.tgz",
      "integrity": "sha1-DTM+PwDqxQqhRUq9MO+MKl2ackI="
    },
    "buffer-from": {
      "version": "1.1.1",
      "resolved": "https://pkgs.dev.azure.com/tietodata/_packaging/tietodata-npm/npm/registry/buffer-from/-/buffer-from-1.1.1.tgz",
      "integrity": "sha1-MnE7wCj3XAL9txDXx7zsHyxgcO8="
    },
    "caseless": {
      "version": "0.12.0",
      "resolved": "https://pkgs.dev.azure.com/tietodata/_packaging/tietodata-npm/npm/registry/caseless/-/caseless-0.12.0.tgz",
      "integrity": "sha1-G2gcIf+EAzyCZUMJBolCDRhxUdw="
    },
    "chalk": {
      "version": "3.0.0",
      "resolved": "https://pkgs.dev.azure.com/tietodata/_packaging/tietodata-npm/npm/registry/chalk/-/chalk-3.0.0.tgz",
      "integrity": "sha1-P3PCv1JlkfV0zEksUeJFY0n4ROQ=",
      "requires": {
        "ansi-styles": "^4.1.0",
        "supports-color": "^7.1.0"
      }
    },
    "color-convert": {
      "version": "2.0.1",
      "resolved": "https://pkgs.dev.azure.com/tietodata/_packaging/tietodata-npm/npm/registry/color-convert/-/color-convert-2.0.1.tgz",
      "integrity": "sha1-ctOmjVmMm9s68q0ehPIdiWq9TeM=",
      "requires": {
        "color-name": "~1.1.4"
      }
    },
    "color-name": {
      "version": "1.1.4",
      "resolved": "https://pkgs.dev.azure.com/tietodata/_packaging/tietodata-npm/npm/registry/color-name/-/color-name-1.1.4.tgz",
      "integrity": "sha1-wqCah6y95pVD3m9j+jmVyCbFNqI="
    },
    "combined-stream": {
      "version": "1.0.8",
      "resolved": "https://pkgs.dev.azure.com/tietodata/_packaging/tietodata-npm/npm/registry/combined-stream/-/combined-stream-1.0.8.tgz",
      "integrity": "sha1-w9RaizT9cwYxoRCoolIGgrMdWn8=",
      "requires": {
        "delayed-stream": "~1.0.0"
      }
    },
    "concat-map": {
      "version": "0.0.1",
      "resolved": "https://pkgs.dev.azure.com/tietodata/_packaging/tietodata-npm/npm/registry/concat-map/-/concat-map-0.0.1.tgz",
      "integrity": "sha1-2Klr13/Wjfd5OnMDajug1UBdR3s="
    },
    "concat-stream": {
      "version": "1.6.2",
      "resolved": "https://pkgs.dev.azure.com/tietodata/_packaging/tietodata-npm/npm/registry/concat-stream/-/concat-stream-1.6.2.tgz",
      "integrity": "sha1-kEvfGUzTEi/Gdcd/xKw9T/D9GjQ=",
      "requires": {
        "buffer-from": "^1.0.0",
        "inherits": "^2.0.3",
        "readable-stream": "^2.2.2",
        "typedarray": "^0.0.6"
      }
    },
    "core-util-is": {
      "version": "1.0.2",
      "resolved": "https://pkgs.dev.azure.com/tietodata/_packaging/tietodata-npm/npm/registry/core-util-is/-/core-util-is-1.0.2.tgz",
      "integrity": "sha1-tf1UIgqivFq1eqtxQMlAdUUDwac="
    },
    "dashdash": {
      "version": "1.14.1",
      "resolved": "https://pkgs.dev.azure.com/tietodata/_packaging/tietodata-npm/npm/registry/dashdash/-/dashdash-1.14.1.tgz",
      "integrity": "sha1-hTz6D3y+L+1d4gMmuN1YEDX24vA=",
      "requires": {
        "assert-plus": "^1.0.0"
      }
    },
    "debug": {
      "version": "3.2.6",
      "resolved": "https://pkgs.dev.azure.com/tietodata/_packaging/tietodata-npm/npm/registry/debug/-/debug-3.2.6.tgz",
      "integrity": "sha1-6D0X3hbYp++3cX7b5fsQE17uYps=",
      "requires": {
        "ms": "^2.1.1"
      }
    },
    "define-properties": {
      "version": "1.1.3",
      "resolved": "https://pkgs.dev.azure.com/tietodata/_packaging/tietodata-npm/npm/registry/define-properties/-/define-properties-1.1.3.tgz",
      "integrity": "sha1-z4jabL7ib+bbcJT2HYcMvYTO6fE=",
      "requires": {
        "object-keys": "^1.0.12"
      }
    },
    "delayed-stream": {
      "version": "1.0.0",
      "resolved": "https://pkgs.dev.azure.com/tietodata/_packaging/tietodata-npm/npm/registry/delayed-stream/-/delayed-stream-1.0.0.tgz",
      "integrity": "sha1-3zrhmayt+31ECqrgsp4icrJOxhk="
    },
    "depd": {
      "version": "1.1.2",
      "resolved": "https://pkgs.dev.azure.com/tietodata/_packaging/tietodata-npm/npm/registry/depd/-/depd-1.1.2.tgz",
      "integrity": "sha1-m81S4UwJd2PnSbJ0xDRu0uVgtak="
    },
    "diff": {
      "version": "4.0.2",
      "resolved": "https://pkgs.dev.azure.com/tietodata/_packaging/tietodata-npm/npm/registry/diff/-/diff-4.0.2.tgz",
      "integrity": "sha1-YPOuy4nV+uUgwRqhnvwruYKq3n0="
    },
    "dotenv": {
      "version": "8.2.0",
      "resolved": "https://pkgs.dev.azure.com/tietodata/_packaging/tietodata-npm/npm/registry/dotenv/-/dotenv-8.2.0.tgz",
      "integrity": "sha1-l+YZJZradQ7qPk6j4mvO6lQksWo="
    },
    "ecc-jsbn": {
      "version": "0.1.2",
      "resolved": "https://pkgs.dev.azure.com/tietodata/_packaging/tietodata-npm/npm/registry/ecc-jsbn/-/ecc-jsbn-0.1.2.tgz",
      "integrity": "sha1-OoOpBOVDUyh4dMVkt1SThoSamMk=",
      "requires": {
        "jsbn": "~0.1.0",
        "safer-buffer": "^2.1.0"
      }
    },
    "end-of-stream": {
      "version": "1.4.4",
      "resolved": "https://pkgs.dev.azure.com/tietodata/_packaging/tietodata-npm/npm/registry/end-of-stream/-/end-of-stream-1.4.4.tgz",
      "integrity": "sha1-WuZKX0UFe682JuwU2gyl5LJDHrA=",
      "requires": {
        "once": "^1.4.0"
      }
    },
    "envalid": {
      "version": "6.0.2",
      "resolved": "https://pkgs.dev.azure.com/tietodata/_packaging/tietodata-npm/npm/registry/envalid/-/envalid-6.0.2.tgz",
      "integrity": "sha1-cTl3DgiazJRcDke1B11ykV2Gg+g=",
      "requires": {
        "chalk": "^3.0.0",
        "dotenv": "^8.2.0",
        "meant": "^1.0.1",
        "validator": "^13.0.0"
      }
    },
    "es-abstract": {
      "version": "1.17.6",
      "resolved": "https://pkgs.dev.azure.com/tietodata/_packaging/tietodata-npm/npm/registry/es-abstract/-/es-abstract-1.17.6.tgz",
      "integrity": "sha1-kUIHFweFeyysx7iey2cDFsPi1So=",
      "requires": {
        "es-to-primitive": "^1.2.1",
        "function-bind": "^1.1.1",
        "has": "^1.0.3",
        "has-symbols": "^1.0.1",
        "is-callable": "^1.2.0",
        "is-regex": "^1.1.0",
        "object-inspect": "^1.7.0",
        "object-keys": "^1.1.1",
        "object.assign": "^4.1.0",
        "string.prototype.trimend": "^1.0.1",
        "string.prototype.trimstart": "^1.0.1"
      }
    },
    "es-to-primitive": {
      "version": "1.2.1",
      "resolved": "https://pkgs.dev.azure.com/tietodata/_packaging/tietodata-npm/npm/registry/es-to-primitive/-/es-to-primitive-1.2.1.tgz",
      "integrity": "sha1-5VzUyc3BiLzvsDs2bHNjI/xciYo=",
      "requires": {
        "is-callable": "^1.1.4",
        "is-date-object": "^1.0.1",
        "is-symbol": "^1.0.2"
      }
    },
    "es6-promise": {
      "version": "4.2.8",
      "resolved": "https://pkgs.dev.azure.com/tietodata/_packaging/tietodata-npm/npm/registry/es6-promise/-/es6-promise-4.2.8.tgz",
      "integrity": "sha1-TrIVlMlyvEBVPSduUQU5FD21Pgo="
    },
    "es6-promisify": {
      "version": "5.0.0",
      "resolved": "https://pkgs.dev.azure.com/tietodata/_packaging/tietodata-npm/npm/registry/es6-promisify/-/es6-promisify-5.0.0.tgz",
      "integrity": "sha1-UQnWLz5W6pZ8S2NQWu8IKRyKUgM=",
      "requires": {
        "es6-promise": "^4.0.3"
      }
    },
    "eventemitter3": {
      "version": "3.1.2",
      "resolved": "https://pkgs.dev.azure.com/tietodata/_packaging/tietodata-npm/npm/registry/eventemitter3/-/eventemitter3-3.1.2.tgz",
      "integrity": "sha1-LT1I+cNGaY/Og6hdfWZOmFNd9uc="
    },
    "extend": {
      "version": "3.0.2",
      "resolved": "https://pkgs.dev.azure.com/tietodata/_packaging/tietodata-npm/npm/registry/extend/-/extend-3.0.2.tgz",
      "integrity": "sha1-+LETa0Bx+9jrFAr/hYsQGewpFfo="
    },
    "extract-zip": {
      "version": "1.7.0",
      "resolved": "https://pkgs.dev.azure.com/tietodata/_packaging/tietodata-npm/npm/registry/extract-zip/-/extract-zip-1.7.0.tgz",
      "integrity": "sha1-VWzDrp339FLEk6DPtRzDAneUCSc=",
      "requires": {
        "concat-stream": "^1.6.2",
        "debug": "^2.6.9",
        "mkdirp": "^0.5.4",
        "yauzl": "^2.10.0"
      },
      "dependencies": {
        "debug": {
          "version": "2.6.9",
          "resolved": "https://pkgs.dev.azure.com/tietodata/_packaging/tietodata-npm/npm/registry/debug/-/debug-2.6.9.tgz",
          "integrity": "sha1-XRKFFd8TT/Mn6QpMk/Tgd6U2NB8=",
          "requires": {
            "ms": "2.0.0"
          }
        },
        "ms": {
          "version": "2.0.0",
          "resolved": "https://pkgs.dev.azure.com/tietodata/_packaging/tietodata-npm/npm/registry/ms/-/ms-2.0.0.tgz",
          "integrity": "sha1-VgiurfwAvmwpAd9fmGF4jeDVl8g="
        }
      }
    },
    "extsprintf": {
      "version": "1.3.0",
      "resolved": "https://pkgs.dev.azure.com/tietodata/_packaging/tietodata-npm/npm/registry/extsprintf/-/extsprintf-1.3.0.tgz",
      "integrity": "sha1-lpGEQOMEGnpBT4xS48V06zw+HgU="
    },
    "fast-deep-equal": {
      "version": "3.1.3",
      "resolved": "https://pkgs.dev.azure.com/tietodata/_packaging/tietodata-npm/npm/registry/fast-deep-equal/-/fast-deep-equal-3.1.3.tgz",
      "integrity": "sha1-On1WtVnWy8PrUSMlJE5hmmXGxSU="
    },
    "fast-json-stable-stringify": {
      "version": "2.1.0",
      "resolved": "https://pkgs.dev.azure.com/tietodata/_packaging/tietodata-npm/npm/registry/fast-json-stable-stringify/-/fast-json-stable-stringify-2.1.0.tgz",
      "integrity": "sha1-h0v2nG9ATCtdmcSBNBOZ/VWJJjM="
    },
    "fd-slicer": {
      "version": "1.1.0",
      "resolved": "https://pkgs.dev.azure.com/tietodata/_packaging/tietodata-npm/npm/registry/fd-slicer/-/fd-slicer-1.1.0.tgz",
      "integrity": "sha1-JcfInLH5B3+IkbvmHY85Dq4lbx4=",
      "requires": {
        "pend": "~1.2.0"
      }
    },
    "file-type": {
      "version": "3.9.0",
      "resolved": "https://pkgs.dev.azure.com/tietodata/_packaging/tietodata-npm/npm/registry/file-type/-/file-type-3.9.0.tgz",
      "integrity": "sha1-JXoHg4TR24CHvESdEH1SpSZyuek="
    },
    "forever-agent": {
      "version": "0.6.1",
      "resolved": "https://pkgs.dev.azure.com/tietodata/_packaging/tietodata-npm/npm/registry/forever-agent/-/forever-agent-0.6.1.tgz",
      "integrity": "sha1-+8cfDEGt6zf5bFd60e1C2P2sypE="
    },
    "form-data": {
      "version": "2.5.1",
      "resolved": "https://pkgs.dev.azure.com/tietodata/_packaging/tietodata-npm/npm/registry/form-data/-/form-data-2.5.1.tgz",
      "integrity": "sha1-8svsV7XlniNxbhKP5E1OXdI4lfQ=",
      "requires": {
        "asynckit": "^0.4.0",
        "combined-stream": "^1.0.6",
        "mime-types": "^2.1.12"
      }
    },
    "fs.realpath": {
      "version": "1.0.0",
      "resolved": "https://pkgs.dev.azure.com/tietodata/_packaging/tietodata-npm/npm/registry/fs.realpath/-/fs.realpath-1.0.0.tgz",
      "integrity": "sha1-FQStJSMVjKpA20onh8sBQRmU6k8="
    },
    "function-bind": {
      "version": "1.1.1",
      "resolved": "https://pkgs.dev.azure.com/tietodata/_packaging/tietodata-npm/npm/registry/function-bind/-/function-bind-1.1.1.tgz",
      "integrity": "sha1-pWiZ0+o8m6uHS7l3O3xe3pL0iV0="
    },
    "getpass": {
      "version": "0.1.7",
      "resolved": "https://pkgs.dev.azure.com/tietodata/_packaging/tietodata-npm/npm/registry/getpass/-/getpass-0.1.7.tgz",
      "integrity": "sha1-Xv+OPmhNVprkyysSgmBOi6YhSfo=",
      "requires": {
        "assert-plus": "^1.0.0"
      }
    },
    "glob": {
      "version": "7.1.6",
      "resolved": "https://pkgs.dev.azure.com/tietodata/_packaging/tietodata-npm/npm/registry/glob/-/glob-7.1.6.tgz",
      "integrity": "sha1-FB8zuBp8JJLhJVlDB0gMRmeSeKY=",
      "requires": {
        "fs.realpath": "^1.0.0",
        "inflight": "^1.0.4",
        "inherits": "2",
        "minimatch": "^3.0.4",
        "once": "^1.3.0",
        "path-is-absolute": "^1.0.0"
      }
    },
    "har-schema": {
      "version": "2.0.0",
      "resolved": "https://pkgs.dev.azure.com/tietodata/_packaging/tietodata-npm/npm/registry/har-schema/-/har-schema-2.0.0.tgz",
      "integrity": "sha1-qUwiJOvKwEeCoNkDVSHyRzW37JI="
    },
    "har-validator": {
      "version": "5.1.3",
      "resolved": "https://pkgs.dev.azure.com/tietodata/_packaging/tietodata-npm/npm/registry/har-validator/-/har-validator-5.1.3.tgz",
      "integrity": "sha1-HvievT5JllV2de7ZiTEQ3DUPoIA=",
      "requires": {
        "ajv": "^6.5.5",
        "har-schema": "^2.0.0"
      }
    },
    "has": {
      "version": "1.0.3",
      "resolved": "https://pkgs.dev.azure.com/tietodata/_packaging/tietodata-npm/npm/registry/has/-/has-1.0.3.tgz",
      "integrity": "sha1-ci18v8H2qoJB8W3YFOAR4fQeh5Y=",
      "requires": {
        "function-bind": "^1.1.1"
      }
    },
    "has-flag": {
      "version": "4.0.0",
      "resolved": "https://pkgs.dev.azure.com/tietodata/_packaging/tietodata-npm/npm/registry/has-flag/-/has-flag-4.0.0.tgz",
      "integrity": "sha1-lEdx/ZyByBJlxNaUGGDaBrtZR5s="
    },
    "has-symbols": {
      "version": "1.0.1",
      "resolved": "https://pkgs.dev.azure.com/tietodata/_packaging/tietodata-npm/npm/registry/has-symbols/-/has-symbols-1.0.1.tgz",
      "integrity": "sha1-n1IUdYpEGWxAbZvXbOv4HsLdMeg="
    },
    "http-signature": {
      "version": "1.2.0",
      "resolved": "https://pkgs.dev.azure.com/tietodata/_packaging/tietodata-npm/npm/registry/http-signature/-/http-signature-1.2.0.tgz",
      "integrity": "sha1-muzZJRFHcvPZW2WmCruPfBj7rOE=",
      "requires": {
        "assert-plus": "^1.0.0",
        "jsprim": "^1.2.2",
        "sshpk": "^1.7.0"
      }
    },
    "https-proxy-agent": {
      "version": "3.0.1",
      "resolved": "https://pkgs.dev.azure.com/tietodata/_packaging/tietodata-npm/npm/registry/https-proxy-agent/-/https-proxy-agent-3.0.1.tgz",
      "integrity": "sha1-uMKGQz6HYCMRsByOo0QT2Fakr4E=",
      "requires": {
        "agent-base": "^4.3.0",
        "debug": "^3.1.0"
      }
    },
    "inflight": {
      "version": "1.0.6",
      "resolved": "https://pkgs.dev.azure.com/tietodata/_packaging/tietodata-npm/npm/registry/inflight/-/inflight-1.0.6.tgz",
      "integrity": "sha1-Sb1jMdfQLQwJvJEKEHW6gWW1bfk=",
      "requires": {
        "once": "^1.3.0",
        "wrappy": "1"
      }
    },
    "inherits": {
      "version": "2.0.4",
      "resolved": "https://pkgs.dev.azure.com/tietodata/_packaging/tietodata-npm/npm/registry/inherits/-/inherits-2.0.4.tgz",
      "integrity": "sha1-D6LGT5MpF8NDOg3tVTY6rjdBa3w="
    },
    "is-callable": {
      "version": "1.2.0",
      "resolved": "https://pkgs.dev.azure.com/tietodata/_packaging/tietodata-npm/npm/registry/is-callable/-/is-callable-1.2.0.tgz",
      "integrity": "sha1-gzNlYLVKOONeOi33r9BFTWkUaLs="
    },
    "is-date-object": {
      "version": "1.0.2",
      "resolved": "https://pkgs.dev.azure.com/tietodata/_packaging/tietodata-npm/npm/registry/is-date-object/-/is-date-object-1.0.2.tgz",
      "integrity": "sha1-vac28s2P0G0yhE53Q7+nSUw7/X4="
    },
    "is-regex": {
      "version": "1.1.0",
      "resolved": "https://pkgs.dev.azure.com/tietodata/_packaging/tietodata-npm/npm/registry/is-regex/-/is-regex-1.1.0.tgz",
      "integrity": "sha1-7OOOOJ5JDfDcIcrqK9WW+Yf3Z/8=",
      "requires": {
        "has-symbols": "^1.0.1"
      }
    },
    "is-symbol": {
      "version": "1.0.3",
      "resolved": "https://pkgs.dev.azure.com/tietodata/_packaging/tietodata-npm/npm/registry/is-symbol/-/is-symbol-1.0.3.tgz",
      "integrity": "sha1-OOEBS55jKb4N6dJKQU/XRB7GGTc=",
      "requires": {
        "has-symbols": "^1.0.1"
      }
    },
    "is-typedarray": {
      "version": "1.0.0",
      "resolved": "https://pkgs.dev.azure.com/tietodata/_packaging/tietodata-npm/npm/registry/is-typedarray/-/is-typedarray-1.0.0.tgz",
      "integrity": "sha1-5HnICFjfDBsR3dppQPlgEfzaSpo="
    },
    "isarray": {
      "version": "1.0.0",
      "resolved": "https://pkgs.dev.azure.com/tietodata/_packaging/tietodata-npm/npm/registry/isarray/-/isarray-1.0.0.tgz",
      "integrity": "sha1-u5NdSFgsuhaMBoNJV6VKPgcSTxE="
    },
    "isstream": {
      "version": "0.1.2",
      "resolved": "https://pkgs.dev.azure.com/tietodata/_packaging/tietodata-npm/npm/registry/isstream/-/isstream-0.1.2.tgz",
      "integrity": "sha1-R+Y/evVa+m+S4VAOaQ64uFKcCZo="
    },
    "jpeg-js": {
      "version": "0.3.7",
      "resolved": "https://pkgs.dev.azure.com/tietodata/_packaging/tietodata-npm/npm/registry/jpeg-js/-/jpeg-js-0.3.7.tgz",
      "integrity": "sha1-RxqJ0GARZAWS0xQVhghpAXKxAo0="
    },
    "jsbn": {
      "version": "0.1.1",
      "resolved": "https://pkgs.dev.azure.com/tietodata/_packaging/tietodata-npm/npm/registry/jsbn/-/jsbn-0.1.1.tgz",
      "integrity": "sha1-peZUwuWi3rXyAdls77yoDA7y9RM="
    },
    "json-schema": {
      "version": "0.2.3",
      "resolved": "https://pkgs.dev.azure.com/tietodata/_packaging/tietodata-npm/npm/registry/json-schema/-/json-schema-0.2.3.tgz",
      "integrity": "sha1-tIDIkuWaLwWVTOcnvT8qTogvnhM="
    },
    "json-schema-traverse": {
      "version": "0.4.1",
      "resolved": "https://pkgs.dev.azure.com/tietodata/_packaging/tietodata-npm/npm/registry/json-schema-traverse/-/json-schema-traverse-0.4.1.tgz",
      "integrity": "sha1-afaofZUTq4u4/mO9sJecRI5oRmA="
    },
    "json-stringify-safe": {
      "version": "5.0.1",
      "resolved": "https://pkgs.dev.azure.com/tietodata/_packaging/tietodata-npm/npm/registry/json-stringify-safe/-/json-stringify-safe-5.0.1.tgz",
      "integrity": "sha1-Epai1Y/UXxmg9s4B1lcB4sc1tus="
    },
    "jsprim": {
      "version": "1.4.1",
      "resolved": "https://pkgs.dev.azure.com/tietodata/_packaging/tietodata-npm/npm/registry/jsprim/-/jsprim-1.4.1.tgz",
      "integrity": "sha1-MT5mvB5cwG5Di8G3SZwuXFastqI=",
      "requires": {
        "assert-plus": "1.0.0",
        "extsprintf": "1.3.0",
        "json-schema": "0.2.3",
        "verror": "1.10.0"
      }
    },
    "lodash": {
      "version": "4.17.15",
      "resolved": "https://pkgs.dev.azure.com/tietodata/_packaging/tietodata-npm/npm/registry/lodash/-/lodash-4.17.15.tgz",
      "integrity": "sha1-tEf2ZwoEVbv+7dETku/zMOoJdUg="
    },
    "make-error": {
      "version": "1.3.6",
      "resolved": "https://pkgs.dev.azure.com/tietodata/_packaging/tietodata-npm/npm/registry/make-error/-/make-error-1.3.6.tgz",
      "integrity": "sha1-LrLjfqm2fEiR9oShOUeZr0hM96I="
    },
    "meant": {
      "version": "1.0.1",
      "resolved": "https://pkgs.dev.azure.com/tietodata/_packaging/tietodata-npm/npm/registry/meant/-/meant-1.0.1.tgz",
      "integrity": "sha1-ZgRP6i8jIw7IBvtRXv6inETSEV0="
    },
    "mime": {
      "version": "1.6.0",
      "resolved": "https://pkgs.dev.azure.com/tietodata/_packaging/tietodata-npm/npm/registry/mime/-/mime-1.6.0.tgz",
      "integrity": "sha1-Ms2eXGRVO9WNGaVor0Uqz/BJgbE="
    },
    "mime-db": {
      "version": "1.44.0",
      "resolved": "https://pkgs.dev.azure.com/tietodata/_packaging/tietodata-npm/npm/registry/mime-db/-/mime-db-1.44.0.tgz",
      "integrity": "sha1-+hHF6wrKEzS0Izy01S8QxaYnL5I="
    },
    "mime-types": {
      "version": "2.1.27",
      "resolved": "https://pkgs.dev.azure.com/tietodata/_packaging/tietodata-npm/npm/registry/mime-types/-/mime-types-2.1.27.tgz",
      "integrity": "sha1-R5SfmOJ56lMRn1ci4PNOUpvsAJ8=",
      "requires": {
        "mime-db": "1.44.0"
      }
    },
    "minimatch": {
      "version": "3.0.4",
      "resolved": "https://pkgs.dev.azure.com/tietodata/_packaging/tietodata-npm/npm/registry/minimatch/-/minimatch-3.0.4.tgz",
      "integrity": "sha1-UWbihkV/AzBgZL5Ul+jbsMPTIIM=",
      "requires": {
        "brace-expansion": "^1.1.7"
      }
    },
    "minimist": {
      "version": "1.2.5",
      "resolved": "https://pkgs.dev.azure.com/tietodata/_packaging/tietodata-npm/npm/registry/minimist/-/minimist-1.2.5.tgz",
      "integrity": "sha1-Z9ZgFLZqaoqqDAg8X9WN9OTpdgI="
    },
    "mkdirp": {
      "version": "0.5.5",
      "resolved": "https://pkgs.dev.azure.com/tietodata/_packaging/tietodata-npm/npm/registry/mkdirp/-/mkdirp-0.5.5.tgz",
      "integrity": "sha1-2Rzv1i0UNsoPQWIOJRKI1CAJne8=",
      "requires": {
        "minimist": "^1.2.5"
      }
    },
    "ms": {
      "version": "2.1.2",
      "resolved": "https://pkgs.dev.azure.com/tietodata/_packaging/tietodata-npm/npm/registry/ms/-/ms-2.1.2.tgz",
      "integrity": "sha1-0J0fNXtEP0kzgqjrPM0YOHKuYAk="
    },
    "node-cron": {
      "version": "2.0.3",
      "resolved": "https://pkgs.dev.azure.com/tietodata/_packaging/tietodata-npm/npm/registry/node-cron/-/node-cron-2.0.3.tgz",
      "integrity": "sha1-uWSXhNDWwAdYQQ7vIvpUoQ4/YC0=",
      "requires": {
        "opencollective-postinstall": "^2.0.0",
        "tz-offset": "0.0.1"
      }
    },
    "node-telegram-bot-api": {
      "version": "0.40.0",
      "resolved": "https://pkgs.dev.azure.com/tietodata/_packaging/tietodata-npm/npm/registry/node-telegram-bot-api/-/node-telegram-bot-api-0.40.0.tgz",
      "integrity": "sha1-fmrPYx6Gi4AAAlgI2vVmGBx2c9U=",
      "requires": {
        "array.prototype.findindex": "^2.0.2",
        "bl": "^1.2.1",
        "bluebird": "^3.5.1",
        "debug": "^3.1.0",
        "depd": "^1.1.1",
        "eventemitter3": "^3.0.0",
        "file-type": "^3.9.0",
        "mime": "^1.6.0",
        "pump": "^2.0.0",
        "request": "^2.83.0",
        "request-promise": "^4.2.2"
      }
    },
    "oauth-sign": {
      "version": "0.9.0",
      "resolved": "https://pkgs.dev.azure.com/tietodata/_packaging/tietodata-npm/npm/registry/oauth-sign/-/oauth-sign-0.9.0.tgz",
      "integrity": "sha1-R6ewFrqmi1+g7PPe4IqFxnmsZFU="
    },
    "object-inspect": {
      "version": "1.8.0",
      "resolved": "https://pkgs.dev.azure.com/tietodata/_packaging/tietodata-npm/npm/registry/object-inspect/-/object-inspect-1.8.0.tgz",
      "integrity": "sha1-34B+Xs9TpgnMa/6T6sPMe+WzqdA="
    },
    "object-keys": {
      "version": "1.1.1",
      "resolved": "https://pkgs.dev.azure.com/tietodata/_packaging/tietodata-npm/npm/registry/object-keys/-/object-keys-1.1.1.tgz",
      "integrity": "sha1-HEfyct8nfzsdrwYWd9nILiMixg4="
    },
    "object.assign": {
      "version": "4.1.0",
      "resolved": "https://pkgs.dev.azure.com/tietodata/_packaging/tietodata-npm/npm/registry/object.assign/-/object.assign-4.1.0.tgz",
      "integrity": "sha1-lovxEA15Vrs8oIbwBvhGs7xACNo=",
      "requires": {
        "define-properties": "^1.1.2",
        "function-bind": "^1.1.1",
        "has-symbols": "^1.0.0",
        "object-keys": "^1.0.11"
      }
    },
    "once": {
      "version": "1.4.0",
      "resolved": "https://pkgs.dev.azure.com/tietodata/_packaging/tietodata-npm/npm/registry/once/-/once-1.4.0.tgz",
      "integrity": "sha1-WDsap3WWHUsROsF9nFC6753Xa9E=",
      "requires": {
        "wrappy": "1"
      }
    },
    "opencollective-postinstall": {
      "version": "2.0.3",
      "resolved": "https://pkgs.dev.azure.com/tietodata/_packaging/tietodata-npm/npm/registry/opencollective-postinstall/-/opencollective-postinstall-2.0.3.tgz",
      "integrity": "sha1-eg//l49tv6TQBiOPusmO1BmMMlk="
    },
    "path-is-absolute": {
      "version": "1.0.1",
      "resolved": "https://pkgs.dev.azure.com/tietodata/_packaging/tietodata-npm/npm/registry/path-is-absolute/-/path-is-absolute-1.0.1.tgz",
      "integrity": "sha1-F0uSaHNVNP+8es5r9TpanhtcX18="
    },
    "pend": {
      "version": "1.2.0",
      "resolved": "https://pkgs.dev.azure.com/tietodata/_packaging/tietodata-npm/npm/registry/pend/-/pend-1.2.0.tgz",
      "integrity": "sha1-elfrVQpng/kRUzH89GY9XI4AelA="
    },
    "performance-now": {
      "version": "2.1.0",
      "resolved": "https://pkgs.dev.azure.com/tietodata/_packaging/tietodata-npm/npm/registry/performance-now/-/performance-now-2.1.0.tgz",
      "integrity": "sha1-Ywn04OX6kT7BxpMHrjZLSzd8nns="
    },
    "playwright-chromium": {
      "version": "0.12.1",
      "resolved": "https://pkgs.dev.azure.com/tietodata/_packaging/tietodata-npm/npm/registry/playwright-chromium/-/playwright-chromium-0.12.1.tgz",
      "integrity": "sha1-nnxXQieJmKjHYwnrvsv1f8oowYk=",
      "requires": {
        "playwright-core": "=0.12.1"
      }
    },
    "playwright-core": {
      "version": "0.12.1",
      "resolved": "https://pkgs.dev.azure.com/tietodata/_packaging/tietodata-npm/npm/registry/playwright-core/-/playwright-core-0.12.1.tgz",
      "integrity": "sha1-B1gdHL6Eux5Djs2xiN4+1tXoHuA=",
      "requires": {
        "debug": "^4.1.0",
        "extract-zip": "^1.6.6",
        "https-proxy-agent": "^3.0.0",
        "jpeg-js": "^0.3.6",
        "pngjs": "^3.4.0",
        "progress": "^2.0.3",
        "proxy-from-env": "^1.1.0",
        "rimraf": "^3.0.2",
        "ws": "^6.1.0"
      },
      "dependencies": {
        "debug": {
          "version": "4.1.1",
          "resolved": "https://pkgs.dev.azure.com/tietodata/_packaging/tietodata-npm/npm/registry/debug/-/debug-4.1.1.tgz",
          "integrity": "sha1-O3ImAlUQnGtYnO4FDx1RYTlmR5E=",
          "requires": {
            "ms": "^2.1.1"
          }
        }
      }
    },
    "pngjs": {
      "version": "3.4.0",
      "resolved": "https://pkgs.dev.azure.com/tietodata/_packaging/tietodata-npm/npm/registry/pngjs/-/pngjs-3.4.0.tgz",
      "integrity": "sha1-mcp9clll+2VYFOr2XzjxK72/VV8="
    },
    "prettier": {
      "version": "2.0.5",
      "resolved": "https://pkgs.dev.azure.com/tietodata/_packaging/tietodata-npm/npm/registry/prettier/-/prettier-2.0.5.tgz",
      "integrity": "sha1-1tVigkVSQ/L5LMFxZpLAiqMVItQ=",
      "dev": true
    },
    "process-nextick-args": {
      "version": "2.0.1",
      "resolved": "https://pkgs.dev.azure.com/tietodata/_packaging/tietodata-npm/npm/registry/process-nextick-args/-/process-nextick-args-2.0.1.tgz",
      "integrity": "sha1-eCDZsWEgzFXKmud5JoCufbptf+I="
    },
    "progress": {
      "version": "2.0.3",
      "resolved": "https://pkgs.dev.azure.com/tietodata/_packaging/tietodata-npm/npm/registry/progress/-/progress-2.0.3.tgz",
      "integrity": "sha1-foz42PW48jnBvGi+tOt4Vn1XLvg="
    },
    "proxy-from-env": {
      "version": "1.1.0",
      "resolved": "https://pkgs.dev.azure.com/tietodata/_packaging/tietodata-npm/npm/registry/proxy-from-env/-/proxy-from-env-1.1.0.tgz",
      "integrity": "sha1-4QLxbKNVQkhldV0sno6k8k1Yw+I="
    },
    "psl": {
      "version": "1.8.0",
      "resolved": "https://pkgs.dev.azure.com/tietodata/_packaging/tietodata-npm/npm/registry/psl/-/psl-1.8.0.tgz",
      "integrity": "sha1-kyb4vPsBOtzABf3/BWrM4CDlHCQ="
    },
    "pump": {
      "version": "2.0.1",
      "resolved": "https://pkgs.dev.azure.com/tietodata/_packaging/tietodata-npm/npm/registry/pump/-/pump-2.0.1.tgz",
      "integrity": "sha1-Ejma3W5M91Jtlzy8i1zi4pCLOQk=",
      "requires": {
        "end-of-stream": "^1.1.0",
        "once": "^1.3.1"
      }
    },
    "punycode": {
      "version": "2.1.1",
      "resolved": "https://pkgs.dev.azure.com/tietodata/_packaging/tietodata-npm/npm/registry/punycode/-/punycode-2.1.1.tgz",
      "integrity": "sha1-tYsBCsQMIsVldhbI0sLALHv0eew="
    },
    "qs": {
      "version": "6.5.2",
      "resolved": "https://pkgs.dev.azure.com/tietodata/_packaging/tietodata-npm/npm/registry/qs/-/qs-6.5.2.tgz",
      "integrity": "sha1-yzroBuh0BERYTvFUzo7pjUA/PjY="
    },
    "readable-stream": {
      "version": "2.3.7",
      "resolved": "https://pkgs.dev.azure.com/tietodata/_packaging/tietodata-npm/npm/registry/readable-stream/-/readable-stream-2.3.7.tgz",
      "integrity": "sha1-Hsoc9xGu+BTAT2IlKjamL2yyO1c=",
      "requires": {
        "core-util-is": "~1.0.0",
        "inherits": "~2.0.3",
        "isarray": "~1.0.0",
        "process-nextick-args": "~2.0.0",
        "safe-buffer": "~5.1.1",
        "string_decoder": "~1.1.1",
        "util-deprecate": "~1.0.1"
      },
      "dependencies": {
        "safe-buffer": {
          "version": "5.1.2",
          "resolved": "https://pkgs.dev.azure.com/tietodata/_packaging/tietodata-npm/npm/registry/safe-buffer/-/safe-buffer-5.1.2.tgz",
          "integrity": "sha1-mR7GnSluAxN0fVm9/St0XDX4go0="
        }
      }
    },
    "request": {
      "version": "2.88.2",
      "resolved": "https://pkgs.dev.azure.com/tietodata/_packaging/tietodata-npm/npm/registry/request/-/request-2.88.2.tgz",
      "integrity": "sha1-1zyRhzHLWofaBH4gcjQUb2ZNErM=",
      "requires": {
        "aws-sign2": "~0.7.0",
        "aws4": "^1.8.0",
        "caseless": "~0.12.0",
        "combined-stream": "~1.0.6",
        "extend": "~3.0.2",
        "forever-agent": "~0.6.1",
        "form-data": "~2.3.2",
        "har-validator": "~5.1.3",
        "http-signature": "~1.2.0",
        "is-typedarray": "~1.0.0",
        "isstream": "~0.1.2",
        "json-stringify-safe": "~5.0.1",
        "mime-types": "~2.1.19",
        "oauth-sign": "~0.9.0",
        "performance-now": "^2.1.0",
        "qs": "~6.5.2",
        "safe-buffer": "^5.1.2",
        "tough-cookie": "~2.5.0",
        "tunnel-agent": "^0.6.0",
        "uuid": "^3.3.2"
      },
      "dependencies": {
        "form-data": {
          "version": "2.3.3",
          "resolved": "https://pkgs.dev.azure.com/tietodata/_packaging/tietodata-npm/npm/registry/form-data/-/form-data-2.3.3.tgz",
          "integrity": "sha1-3M5SwF9kTymManq5Nr1yTO/786Y=",
          "requires": {
            "asynckit": "^0.4.0",
            "combined-stream": "^1.0.6",
            "mime-types": "^2.1.12"
          }
        }
      }
    },
    "request-promise": {
      "version": "4.2.5",
      "resolved": "https://pkgs.dev.azure.com/tietodata/_packaging/tietodata-npm/npm/registry/request-promise/-/request-promise-4.2.5.tgz",
      "integrity": "sha1-GGIixZrlEvNJff5NdanIRhvQBTw=",
      "requires": {
        "bluebird": "^3.5.0",
        "request-promise-core": "1.1.3",
        "stealthy-require": "^1.1.1",
        "tough-cookie": "^2.3.3"
      }
    },
    "request-promise-core": {
      "version": "1.1.3",
      "resolved": "https://pkgs.dev.azure.com/tietodata/_packaging/tietodata-npm/npm/registry/request-promise-core/-/request-promise-core-1.1.3.tgz",
      "integrity": "sha1-6aPAgbUTgN/qZ3M2Bh/qh5qCnuk=",
      "requires": {
        "lodash": "^4.17.15"
      }
    },
    "rimraf": {
      "version": "3.0.2",
      "resolved": "https://pkgs.dev.azure.com/tietodata/_packaging/tietodata-npm/npm/registry/rimraf/-/rimraf-3.0.2.tgz",
      "integrity": "sha1-8aVAK6YiCtUswSgrrBrjqkn9Bho=",
      "requires": {
        "glob": "^7.1.3"
      }
    },
    "safe-buffer": {
      "version": "5.2.1",
      "resolved": "https://pkgs.dev.azure.com/tietodata/_packaging/tietodata-npm/npm/registry/safe-buffer/-/safe-buffer-5.2.1.tgz",
      "integrity": "sha1-Hq+fqb2x/dTsdfWPnNtOa3gn7sY="
    },
    "safer-buffer": {
      "version": "2.1.2",
      "resolved": "https://pkgs.dev.azure.com/tietodata/_packaging/tietodata-npm/npm/registry/safer-buffer/-/safer-buffer-2.1.2.tgz",
      "integrity": "sha1-RPoWGwGHuVSd2Eu5GAL5vYOFzWo="
    },
    "source-map": {
      "version": "0.6.1",
      "resolved": "https://pkgs.dev.azure.com/tietodata/_packaging/tietodata-npm/npm/registry/source-map/-/source-map-0.6.1.tgz",
      "integrity": "sha1-dHIq8y6WFOnCh6jQu95IteLxomM="
    },
    "source-map-support": {
      "version": "0.5.19",
      "resolved": "https://pkgs.dev.azure.com/tietodata/_packaging/tietodata-npm/npm/registry/source-map-support/-/source-map-support-0.5.19.tgz",
      "integrity": "sha1-qYti+G3K9PZzmWSMCFKRq56P7WE=",
      "requires": {
        "buffer-from": "^1.0.0",
        "source-map": "^0.6.0"
      }
    },
    "sshpk": {
      "version": "1.16.1",
      "resolved": "https://pkgs.dev.azure.com/tietodata/_packaging/tietodata-npm/npm/registry/sshpk/-/sshpk-1.16.1.tgz",
      "integrity": "sha1-+2YcC+8ps520B2nuOfpwCT1vaHc=",
      "requires": {
        "asn1": "~0.2.3",
        "assert-plus": "^1.0.0",
        "bcrypt-pbkdf": "^1.0.0",
        "dashdash": "^1.12.0",
        "ecc-jsbn": "~0.1.1",
        "getpass": "^0.1.1",
        "jsbn": "~0.1.0",
        "safer-buffer": "^2.0.2",
        "tweetnacl": "~0.14.0"
      }
    },
    "stealthy-require": {
      "version": "1.1.1",
      "resolved": "https://pkgs.dev.azure.com/tietodata/_packaging/tietodata-npm/npm/registry/stealthy-require/-/stealthy-require-1.1.1.tgz",
      "integrity": "sha1-NbCYdbT/SfJqd35QmzCQoyJr8ks="
    },
    "string.prototype.trimend": {
      "version": "1.0.1",
      "resolved": "https://pkgs.dev.azure.com/tietodata/_packaging/tietodata-npm/npm/registry/string.prototype.trimend/-/string.prototype.trimend-1.0.1.tgz",
      "integrity": "sha1-hYEqa4R6wAInD1gIFGBkyZX7aRM=",
      "requires": {
        "define-properties": "^1.1.3",
        "es-abstract": "^1.17.5"
      }
    },
    "string.prototype.trimstart": {
      "version": "1.0.1",
      "resolved": "https://pkgs.dev.azure.com/tietodata/_packaging/tietodata-npm/npm/registry/string.prototype.trimstart/-/string.prototype.trimstart-1.0.1.tgz",
      "integrity": "sha1-FK9tnzSwU/fPyJty+PLuFLkDmlQ=",
      "requires": {
        "define-properties": "^1.1.3",
        "es-abstract": "^1.17.5"
      }
    },
    "string_decoder": {
      "version": "1.1.1",
      "resolved": "https://pkgs.dev.azure.com/tietodata/_packaging/tietodata-npm/npm/registry/string_decoder/-/string_decoder-1.1.1.tgz",
      "integrity": "sha1-nPFhG6YmhdcDCunkujQUnDrwP8g=",
      "requires": {
        "safe-buffer": "~5.1.0"
      },
      "dependencies": {
        "safe-buffer": {
          "version": "5.1.2",
          "resolved": "https://pkgs.dev.azure.com/tietodata/_packaging/tietodata-npm/npm/registry/safe-buffer/-/safe-buffer-5.1.2.tgz",
          "integrity": "sha1-mR7GnSluAxN0fVm9/St0XDX4go0="
        }
      }
    },
    "supports-color": {
      "version": "7.1.0",
      "resolved": "https://pkgs.dev.azure.com/tietodata/_packaging/tietodata-npm/npm/registry/supports-color/-/supports-color-7.1.0.tgz",
      "integrity": "sha1-aOMlkd9z4lrRxLSRCKLsUHliv9E=",
      "requires": {
        "has-flag": "^4.0.0"
      }
    },
    "tough-cookie": {
      "version": "2.5.0",
      "resolved": "https://pkgs.dev.azure.com/tietodata/_packaging/tietodata-npm/npm/registry/tough-cookie/-/tough-cookie-2.5.0.tgz",
      "integrity": "sha1-zZ+yoKodWhK0c72fuW+j3P9lreI=",
      "requires": {
        "psl": "^1.1.28",
        "punycode": "^2.1.1"
      }
    },
    "ts-node": {
      "version": "8.10.2",
      "resolved": "https://pkgs.dev.azure.com/tietodata/_packaging/tietodata-npm/npm/registry/ts-node/-/ts-node-8.10.2.tgz",
      "integrity": "sha1-7uA3ZGM7EjTd03+NuewQt17H+40=",
      "requires": {
        "arg": "^4.1.0",
        "diff": "^4.0.1",
        "make-error": "^1.1.1",
        "source-map-support": "^0.5.17",
        "yn": "3.1.1"
      }
    },
    "tunnel-agent": {
      "version": "0.6.0",
      "resolved": "https://pkgs.dev.azure.com/tietodata/_packaging/tietodata-npm/npm/registry/tunnel-agent/-/tunnel-agent-0.6.0.tgz",
      "integrity": "sha1-J6XeoGs2sEoKmWZ3SykIaPD8QP0=",
      "requires": {
        "safe-buffer": "^5.0.1"
      }
    },
    "tweetnacl": {
      "version": "0.14.5",
      "resolved": "https://pkgs.dev.azure.com/tietodata/_packaging/tietodata-npm/npm/registry/tweetnacl/-/tweetnacl-0.14.5.tgz",
      "integrity": "sha1-WuaBd/GS1EViadEIr6k/+HQ/T2Q="
    },
    "typedarray": {
      "version": "0.0.6",
      "resolved": "https://pkgs.dev.azure.com/tietodata/_packaging/tietodata-npm/npm/registry/typedarray/-/typedarray-0.0.6.tgz",
      "integrity": "sha1-hnrHTjhkGHsdPUfZlqeOxciDB3c="
    },
    "typescript": {
      "version": "3.9.5",
      "resolved": "https://pkgs.dev.azure.com/tietodata/_packaging/tietodata-npm/npm/registry/typescript/-/typescript-3.9.5.tgz",
      "integrity": "sha1-WG8NujAM3ovlLdGsT34QCcGxPzY="
    },
    "tz-offset": {
      "version": "0.0.1",
      "resolved": "https://pkgs.dev.azure.com/tietodata/_packaging/tietodata-npm/npm/registry/tz-offset/-/tz-offset-0.0.1.tgz",
      "integrity": "sha1-/vkgJXAk01g+2QcqdnchoYvbinY="
    },
    "uri-js": {
      "version": "4.2.2",
      "resolved": "https://pkgs.dev.azure.com/tietodata/_packaging/tietodata-npm/npm/registry/uri-js/-/uri-js-4.2.2.tgz",
      "integrity": "sha1-lMVA4f93KVbiKZUHwBCupsiDjrA=",
      "requires": {
        "punycode": "^2.1.0"
      }
    },
    "util-deprecate": {
      "version": "1.0.2",
      "resolved": "https://pkgs.dev.azure.com/tietodata/_packaging/tietodata-npm/npm/registry/util-deprecate/-/util-deprecate-1.0.2.tgz",
      "integrity": "sha1-RQ1Nyfpw3nMnYvvS1KKJgUGaDM8="
    },
    "uuid": {
      "version": "3.4.0",
      "resolved": "https://pkgs.dev.azure.com/tietodata/_packaging/tietodata-npm/npm/registry/uuid/-/uuid-3.4.0.tgz",
      "integrity": "sha1-sj5DWK+oogL+ehAK8fX4g/AgB+4="
    },
    "validator": {
      "version": "13.1.1",
      "resolved": "https://pkgs.dev.azure.com/tietodata/_packaging/tietodata-npm/npm/registry/validator/-/validator-13.1.1.tgz",
      "integrity": "sha1-+IETaEc9IXOp2GEVcrWMV4PyI78="
    },
    "verror": {
      "version": "1.10.0",
      "resolved": "https://pkgs.dev.azure.com/tietodata/_packaging/tietodata-npm/npm/registry/verror/-/verror-1.10.0.tgz",
      "integrity": "sha1-OhBcoXBTr1XW4nDB+CiGguGNpAA=",
      "requires": {
        "assert-plus": "^1.0.0",
        "core-util-is": "1.0.2",
        "extsprintf": "^1.2.0"
      }
    },
    "wrappy": {
      "version": "1.0.2",
      "resolved": "https://pkgs.dev.azure.com/tietodata/_packaging/tietodata-npm/npm/registry/wrappy/-/wrappy-1.0.2.tgz",
      "integrity": "sha1-tSQ9jz7BqjXxNkYFvA0QNuMKtp8="
    },
    "ws": {
      "version": "6.2.1",
      "resolved": "https://pkgs.dev.azure.com/tietodata/_packaging/tietodata-npm/npm/registry/ws/-/ws-6.2.1.tgz",
      "integrity": "sha1-RC/fCkftZPWbal2P8TD0dI7VJPs=",
      "requires": {
        "async-limiter": "~1.0.0"
      }
    },
    "yauzl": {
      "version": "2.10.0",
      "resolved": "https://pkgs.dev.azure.com/tietodata/_packaging/tietodata-npm/npm/registry/yauzl/-/yauzl-2.10.0.tgz",
      "integrity": "sha1-x+sXyT4RLLEIb6bY5R+wZnt5pfk=",
      "requires": {
        "buffer-crc32": "~0.2.3",
        "fd-slicer": "~1.1.0"
      }
    },
    "yn": {
      "version": "3.1.1",
      "resolved": "https://pkgs.dev.azure.com/tietodata/_packaging/tietodata-npm/npm/registry/yn/-/yn-3.1.1.tgz",
      "integrity": "sha1-HodAGgnXZ8HV6rJqbkwYUYLS61A="
    }
  }
}
